
Microsoft Visual Studio Solution File, Format Version 12.00
# Visual Studio Version 17
VisualStudioVersion = 17.5.33627.172
MinimumVisualStudioVersion = 10.0.40219.1
Project("{FAE04EC0-301F-11D3-BF4B-00C04F79EFBC}") = "GPA Calculator", "GPA Calculator\GPA Calculator.csproj", "{C5BF1B0C-1FEA-4706-9787-3704CD465130}"
EndProject
Global
	GlobalSection(SolutionConfigurationPlatforms) = preSolution
		Debug|Any CPU = Debug|Any CPU
		Release|Any CPU = Release|Any CPU
	EndGlobalSection
	GlobalSection(ProjectConfigurationPlatforms) = postSolution
		{C5BF1B0C-1FEA-4706-9787-3704CD465130}.Debug|Any CPU.ActiveCfg = Debug|Any CPU
		{C5BF1B0C-1FEA-4706-9787-3704CD465130}.Debug|Any CPU.Build.0 = Debug|Any CPU
		{C5BF1B0C-1FEA-4706-9787-3704CD465130}.Release|Any CPU.ActiveCfg = Release|Any CPU
		{C5BF1B0C-1FEA-4706-9787-3704CD465130}.Release|Any CPU.Build.0 = Release|Any CPU
	EndGlobalSection
	GlobalSection(SolutionProperties) = preSolution
		HideSolutionNode = FALSE
	EndGlobalSection
	GlobalSection(ExtensibilityGlobals) = postSolution
		SolutionGuid = {CB1AB12D-DFB2-47E6-9356-8CA32D35627A}
	EndGlobalSection
EndGlobal
